github.com/btcsuite/btcd/btcec/v2 v2.2.0 h1:fzn1qaOt32TuLjFlkzYSsBC35Q3KUjT1SwPxiMSCF5k=
github.com/btcsuite/btcd/btcec/v2 v2.2.0/go.mod h1:U7MHm051Al6XmscBQ0BoNydpOTsFAn707034b5nY8zU=
github.com/btcsuite/btcd/chaincfg/chainhash v1.0.1 h1:q0rUy8C/TYNBQS1+CGKw68tLOFYSNEs0TFnxxnS9+4U=
github.com/davecgh/go-spew v1.1.1 h1:vj9j/u1bqnvCEfJOwUhtlOARqs3+rkHYY13jYWTU97c=
github.com/decred/dcrd/crypto/blake256 v1.0.0 h1:/8DMNYp9SGi5f0w7uCm6d6M4OU2rGFK09Y2A4Xv7EE0=
github.com/decred/dcrd/crypto/blake256 v1.0.0/go.mod h1:sQl2p6Y26YV+ZOcSTP6thNdn47hh8kt6rqSlvmrXFAc=
github.com/decred/dcrd/dcrec/secp256k1/v4 v4.0.1 h1:YLtO71vCjJRCBcrPMtQ9nqBsqpA1m5sE92cU+pd5Mcc=
github.com/decred/dcrd/dcrec/secp256k1/v4 v4.0.1/go.mod h1:hyedUtir6IdtD/7lIxGeCxkaw7y45JueMRL4DIyJDKs=
github.com/ethereum/go-ethereum v1.10.22 h1:HbEgsDo1YTGIf4KB/NNpn+XH+PiNJXUZ9ksRxiqWyMc=
github.com/ethereum/go-ethereum v1.10.22/go.mod h1:EYFyF19u3ezGLD4RqOkLq+ZCXzYbLoNDdZlMt7kyKFg=
github.com/k0kubun/colorstring v0.0.0-20150214042306-9440f1994b88 h1:uC1QfSlInpQF+M0ao65imhwqKnz3Q2z/d8PWZRMQvDM=
github.com/k0kubun/colorstring v0.0.0-20150214042306-9440f1994b88/go.mod h1:3w7q1U84EfirKl04SVQ/s7nPm1ZPhiXd34z40TNz36k=
github.com/k0kubun/pp v3.0.1+incompatible h1:3tqvf7QgUnZ5tXO6pNAZlrvHgl6DvifjDrd9g2S9Z40=
github.com/k0kubun/pp v3.0.1+incompatible/go.mod h1:GWse8YhT0p8pT4ir3ZgBbfZild3tgzSScAn6HmfYukg=
github.com/mattn/go-colorable v0.1.8 h1:c1ghPdyEDarC70ftn0y+A/Ee++9zz8ljHG1b13eJ0s8=
github.com/mattn/go-colorable v0.1.8/go.mod h1:u6P/XSegPjTcexA+o6vUJrdnUu04hMope9wVRipJSqc=
github.com/mattn/go-isatty v0.0.12 h1:wuysRhFDzyxgEmMf5xjvJ2M9dZoWAXNNr5LSBS7uHXY=
github.com/mattn/go-isatty v0.0.12/go.mod h1:cbi8OIDigv2wuxKPP5vlRcQ1OAZbq2CE4Kysco4FUpU=
golang.org/x/crypto v0.0.0-20210921155107-089bfa567519 h1:7I4JAnoQBe7ZtJcBaYHi5UtiO8tQHbUSXxL+pnGRANg=
golang.org/x/crypto v0.0.0-20210921155107-089bfa567519/go.mod h1:GvvjBRRGRdwPK5ydBHafDWAxML/pGHZbMvKqRZ5+Abc=
golang.org/x/sys v0.0.0-20200116001909-b77594299b42/go.mod h1:h1NjWce9XRLGQEsW7wpKNCjG9DtNlClVuFLEZdDNbEs=
golang.org/x/sys v0.0.0-20200223170610-d5e6a3e2c0ae/go.mod h1:h1NjWce9XRLGQEsW7wpKNCjG9DtNlClVuFLEZdDNbEs=
golang.org/x/sys v0.0.0-20220520151302-bc2c85ada10a h1:dGzPydgVsqGcTRVwiLJ1jVbufYwmzD3LfVPLKsKg+0k=
golang.org/x/sys v0.0.0-20220520151302-bc2c85ada10a/go.mod h1:oPkhp1MJrh7nUepCBck5+mAzfO9JrbApNNgaTdGDITg=
